
Microsoft Visual Studio Solution File, Format Version 12.00
# Visual Studio Version 16
VisualStudioVersion = 16.0.31410.357
MinimumVisualStudioVersion = 10.0.40219.1
Project("{9A19103F-16F7-4668-BE54-9A1E7A4F7556}") = "RESTSharp_EmployeePayRoll", "RESTSharp_EmployeePayRoll.csproj", "{B54F8A28-2934-452A-88EF-B6E319532001}"
EndProject
Project("{FAE04EC0-301F-11D3-BF4B-00C04F79EFBC}") = "RESTSharpTestingProject", "..\RESTSharpTestingProject\RESTSharpTestingProject.csproj", "{AE24AE68-26DC-40DD-974F-53CB90D3A789}"
EndProject
Global
	GlobalSection(SolutionConfigurationPlatforms) = preSolution
		Debug|Any CPU = Debug|Any CPU
		Release|Any CPU = Release|Any CPU
	EndGlobalSection
	GlobalSection(ProjectConfigurationPlatforms) = postSolution
		{B54F8A28-2934-452A-88EF-B6E319532001}.Debug|Any CPU.ActiveCfg = Debug|Any CPU
		{B54F8A28-2934-452A-88EF-B6E319532001}.Debug|Any CPU.Build.0 = Debug|Any CPU
		{B54F8A28-2934-452A-88EF-B6E319532001}.Release|Any CPU.ActiveCfg = Release|Any CPU
		{B54F8A28-2934-452A-88EF-B6E319532001}.Release|Any CPU.Build.0 = Release|Any CPU
		{AE24AE68-26DC-40DD-974F-53CB90D3A789}.Debug|Any CPU.ActiveCfg = Debug|Any CPU
		{AE24AE68-26DC-40DD-974F-53CB90D3A789}.Debug|Any CPU.Build.0 = Debug|Any CPU
		{AE24AE68-26DC-40DD-974F-53CB90D3A789}.Release|Any CPU.ActiveCfg = Release|Any CPU
		{AE24AE68-26DC-40DD-974F-53CB90D3A789}.Release|Any CPU.Build.0 = Release|Any CPU
	EndGlobalSection
	GlobalSection(SolutionProperties) = preSolution
		HideSolutionNode = FALSE
	EndGlobalSection
	GlobalSection(ExtensibilityGlobals) = postSolution
		SolutionGuid = {A6B5B684-6E31-4AE1-B744-62D9E59CA07C}
	EndGlobalSection
EndGlobal
